
Microsoft Visual Studio Solution File, Format Version 12.00
# Visual Studio 14
VisualStudioVersion = 14.0.24720.0
MinimumVisualStudioVersion = 10.0.40219.1
Project("{FAE04EC0-301F-11D3-BF4B-00C04F79EFBC}") = "TaoLa.Web", "TaoLa.Web\TaoLa.Web.csproj", "{068C569D-3E37-493F-8047-E3655E74E2DB}"
EndProject
Project("{FAE04EC0-301F-11D3-BF4B-00C04F79EFBC}") = "TaoLa.Web.Framework", "TaoLa.Web.Framework\TaoLa.Web.Framework.csproj", "{D1EEC1BD-22DD-4E06-99C8-A3205315592A}"
EndProject
Project("{2150E333-8FDC-42A3-9474-1A3956D46DE8}") = "Core", "Core", "{2DAE591B-E4C9-4294-88A8-FC65EBEE928B}"
EndProject
Project("{2150E333-8FDC-42A3-9474-1A3956D46DE8}") = "Data", "Data", "{B42AE4A9-2B37-4C63-B724-5A69354C954C}"
EndProject
Project("{2150E333-8FDC-42A3-9474-1A3956D46DE8}") = "Service", "Service", "{EED78176-A3DD-4687-A852-9392F5FB73DD}"
EndProject
Project("{FAE04EC0-301F-11D3-BF4B-00C04F79EFBC}") = "TaoLa.Core", "TaoLa.Core\TaoLa.Core.csproj", "{DC89A927-E63A-4F55-A0AC-6A138F52D07B}"
EndProject
Project("{FAE04EC0-301F-11D3-BF4B-00C04F79EFBC}") = "TaoLa.IServices", "TaoLa.IServices\TaoLa.IServices.csproj", "{8F1D3521-D7EE-45AA-A9E7-F012A8A28589}"
EndProject
Project("{FAE04EC0-301F-11D3-BF4B-00C04F79EFBC}") = "TaoLa.Service", "TaoLa.Service\TaoLa.Service.csproj", "{2814297C-98E9-4455-B3A6-E503087FA5AE}"
EndProject
Project("{FAE04EC0-301F-11D3-BF4B-00C04F79EFBC}") = "TaoLa.ServiceProvider", "TaoLa.ServiceProvider\TaoLa.ServiceProvider.csproj", "{8E98FC17-68D5-4502-BB16-0C6AA9BF1567}"
EndProject
Project("{2150E333-8FDC-42A3-9474-1A3956D46DE8}") = "Plugins", "Plugins", "{397B2E56-A9A2-4678-8D7F-84381F14D124}"
EndProject
Project("{FAE04EC0-301F-11D3-BF4B-00C04F79EFBC}") = "Himall.Entity", "Himall.Entity\Himall.Entity.csproj", "{7558ABE6-AA42-41C5-8126-0FFFA73C2A54}"
EndProject
Project("{FAE04EC0-301F-11D3-BF4B-00C04F79EFBC}") = "Himall.Model", "Himall.Model\Himall.Model.csproj", "{493BAD11-A977-4516-9297-F5FD28C4F5E4}"
EndProject
Project("{FAE04EC0-301F-11D3-BF4B-00C04F79EFBC}") = "TaoLa.AOPProxy", "TaoLa.AOPProxy\TaoLa.AOPProxy.csproj", "{80CAEF2B-CD5E-4BE9-A9A2-A97190F92FEA}"
EndProject
Project("{2150E333-8FDC-42A3-9474-1A3956D46DE8}") = "Message", "Message", "{733A7F4F-B18A-4524-B90D-F6075188372D}"
EndProject
Project("{FAE04EC0-301F-11D3-BF4B-00C04F79EFBC}") = "TaoLa.MessagePlugin", "TaoLa.MessagePlugin\TaoLa.MessagePlugin.csproj", "{1DE138ED-5A94-4A11-A380-392090E027CC}"
EndProject
Project("{FAE04EC0-301F-11D3-BF4B-00C04F79EFBC}") = "TaoLa.Plugin.Message.Email", "TaoLa.Plugin.Message.Email\TaoLa.Plugin.Message.Email.csproj", "{FA541DBB-5D56-448D-8A44-6F3F9D1C00EA}"
EndProject
Global
	GlobalSection(SolutionConfigurationPlatforms) = preSolution
		Debug|Any CPU = Debug|Any CPU
		Release|Any CPU = Release|Any CPU
	EndGlobalSection
	GlobalSection(ProjectConfigurationPlatforms) = postSolution
		{068C569D-3E37-493F-8047-E3655E74E2DB}.Debug|Any CPU.ActiveCfg = Debug|Any CPU
		{068C569D-3E37-493F-8047-E3655E74E2DB}.Debug|Any CPU.Build.0 = Debug|Any CPU
		{068C569D-3E37-493F-8047-E3655E74E2DB}.Release|Any CPU.ActiveCfg = Release|Any CPU
		{068C569D-3E37-493F-8047-E3655E74E2DB}.Release|Any CPU.Build.0 = Release|Any CPU
		{D1EEC1BD-22DD-4E06-99C8-A3205315592A}.Debug|Any CPU.ActiveCfg = Debug|Any CPU
		{D1EEC1BD-22DD-4E06-99C8-A3205315592A}.Debug|Any CPU.Build.0 = Debug|Any CPU
		{D1EEC1BD-22DD-4E06-99C8-A3205315592A}.Release|Any CPU.ActiveCfg = Release|Any CPU
		{D1EEC1BD-22DD-4E06-99C8-A3205315592A}.Release|Any CPU.Build.0 = Release|Any CPU
		{DC89A927-E63A-4F55-A0AC-6A138F52D07B}.Debug|Any CPU.ActiveCfg = Debug|Any CPU
		{DC89A927-E63A-4F55-A0AC-6A138F52D07B}.Debug|Any CPU.Build.0 = Debug|Any CPU
		{DC89A927-E63A-4F55-A0AC-6A138F52D07B}.Release|Any CPU.ActiveCfg = Release|Any CPU
		{DC89A927-E63A-4F55-A0AC-6A138F52D07B}.Release|Any CPU.Build.0 = Release|Any CPU
		{8F1D3521-D7EE-45AA-A9E7-F012A8A28589}.Debug|Any CPU.ActiveCfg = Debug|Any CPU
		{8F1D3521-D7EE-45AA-A9E7-F012A8A28589}.Debug|Any CPU.Build.0 = Debug|Any CPU
		{8F1D3521-D7EE-45AA-A9E7-F012A8A28589}.Release|Any CPU.ActiveCfg = Release|Any CPU
		{8F1D3521-D7EE-45AA-A9E7-F012A8A28589}.Release|Any CPU.Build.0 = Release|Any CPU
		{2814297C-98E9-4455-B3A6-E503087FA5AE}.Debug|Any CPU.ActiveCfg = Debug|Any CPU
		{2814297C-98E9-4455-B3A6-E503087FA5AE}.Debug|Any CPU.Build.0 = Debug|Any CPU
		{2814297C-98E9-4455-B3A6-E503087FA5AE}.Release|Any CPU.ActiveCfg = Release|Any CPU
		{2814297C-98E9-4455-B3A6-E503087FA5AE}.Release|Any CPU.Build.0 = Release|Any CPU
		{8E98FC17-68D5-4502-BB16-0C6AA9BF1567}.Debug|Any CPU.ActiveCfg = Debug|Any CPU
		{8E98FC17-68D5-4502-BB16-0C6AA9BF1567}.Debug|Any CPU.Build.0 = Debug|Any CPU
		{8E98FC17-68D5-4502-BB16-0C6AA9BF1567}.Release|Any CPU.ActiveCfg = Release|Any CPU
		{8E98FC17-68D5-4502-BB16-0C6AA9BF1567}.Release|Any CPU.Build.0 = Release|Any CPU
		{7558ABE6-AA42-41C5-8126-0FFFA73C2A54}.Debug|Any CPU.ActiveCfg = Debug|Any CPU
		{7558ABE6-AA42-41C5-8126-0FFFA73C2A54}.Debug|Any CPU.Build.0 = Debug|Any CPU
		{7558ABE6-AA42-41C5-8126-0FFFA73C2A54}.Release|Any CPU.ActiveCfg = Release|Any CPU
		{7558ABE6-AA42-41C5-8126-0FFFA73C2A54}.Release|Any CPU.Build.0 = Release|Any CPU
		{493BAD11-A977-4516-9297-F5FD28C4F5E4}.Debug|Any CPU.ActiveCfg = Debug|Any CPU
		{493BAD11-A977-4516-9297-F5FD28C4F5E4}.Debug|Any CPU.Build.0 = Debug|Any CPU
		{493BAD11-A977-4516-9297-F5FD28C4F5E4}.Release|Any CPU.ActiveCfg = Release|Any CPU
		{493BAD11-A977-4516-9297-F5FD28C4F5E4}.Release|Any CPU.Build.0 = Release|Any CPU
		{80CAEF2B-CD5E-4BE9-A9A2-A97190F92FEA}.Debug|Any CPU.ActiveCfg = Debug|Any CPU
		{80CAEF2B-CD5E-4BE9-A9A2-A97190F92FEA}.Debug|Any CPU.Build.0 = Debug|Any CPU
		{80CAEF2B-CD5E-4BE9-A9A2-A97190F92FEA}.Release|Any CPU.ActiveCfg = Release|Any CPU
		{80CAEF2B-CD5E-4BE9-A9A2-A97190F92FEA}.Release|Any CPU.Build.0 = Release|Any CPU
		{1DE138ED-5A94-4A11-A380-392090E027CC}.Debug|Any CPU.ActiveCfg = Debug|Any CPU
		{1DE138ED-5A94-4A11-A380-392090E027CC}.Debug|Any CPU.Build.0 = Debug|Any CPU
		{1DE138ED-5A94-4A11-A380-392090E027CC}.Release|Any CPU.ActiveCfg = Release|Any CPU
		{1DE138ED-5A94-4A11-A380-392090E027CC}.Release|Any CPU.Build.0 = Release|Any CPU
		{FA541DBB-5D56-448D-8A44-6F3F9D1C00EA}.Debug|Any CPU.ActiveCfg = Debug|Any CPU
		{FA541DBB-5D56-448D-8A44-6F3F9D1C00EA}.Debug|Any CPU.Build.0 = Debug|Any CPU
		{FA541DBB-5D56-448D-8A44-6F3F9D1C00EA}.Release|Any CPU.ActiveCfg = Release|Any CPU
		{FA541DBB-5D56-448D-8A44-6F3F9D1C00EA}.Release|Any CPU.Build.0 = Release|Any CPU
	EndGlobalSection
	GlobalSection(SolutionProperties) = preSolution
		HideSolutionNode = FALSE
	EndGlobalSection
	GlobalSection(NestedProjects) = preSolution
		{DC89A927-E63A-4F55-A0AC-6A138F52D07B} = {2DAE591B-E4C9-4294-88A8-FC65EBEE928B}
		{8F1D3521-D7EE-45AA-A9E7-F012A8A28589} = {EED78176-A3DD-4687-A852-9392F5FB73DD}
		{2814297C-98E9-4455-B3A6-E503087FA5AE} = {EED78176-A3DD-4687-A852-9392F5FB73DD}
		{8E98FC17-68D5-4502-BB16-0C6AA9BF1567} = {2DAE591B-E4C9-4294-88A8-FC65EBEE928B}
		{7558ABE6-AA42-41C5-8126-0FFFA73C2A54} = {B42AE4A9-2B37-4C63-B724-5A69354C954C}
		{493BAD11-A977-4516-9297-F5FD28C4F5E4} = {B42AE4A9-2B37-4C63-B724-5A69354C954C}
		{80CAEF2B-CD5E-4BE9-A9A2-A97190F92FEA} = {2DAE591B-E4C9-4294-88A8-FC65EBEE928B}
		{733A7F4F-B18A-4524-B90D-F6075188372D} = {397B2E56-A9A2-4678-8D7F-84381F14D124}
		{1DE138ED-5A94-4A11-A380-392090E027CC} = {733A7F4F-B18A-4524-B90D-F6075188372D}
		{FA541DBB-5D56-448D-8A44-6F3F9D1C00EA} = {733A7F4F-B18A-4524-B90D-F6075188372D}
	EndGlobalSection
EndGlobal
